// !$*UTF8*$!
{
	archiveVersion = 1;
	classes = {
	};
	objectVersion = 46;
	objects = {

/* Begin PBXBuildFile section */
		144ECFBC1EAB2D98003E36E3 /* MastodonKit in Resources */ = {isa = PBXBuildFile; fileRef = 144ECFBB1EAB2D98003E36E3 /* MastodonKit */; };
		144ECFBE1EAC0584003E36E3 /* AddAccountViewController.swift in Sources */ = {isa = PBXBuildFile; fileRef = 144ECFBD1EAC0584003E36E3 /* AddAccountViewController.swift */; };
		1450A20E1EAA1BCC00867E62 /* AppDelegate.swift in Sources */ = {isa = PBXBuildFile; fileRef = 1450A20D1EAA1BCC00867E62 /* AppDelegate.swift */; };
		1450A2101EAA1BCC00867E62 /* ViewController.swift in Sources */ = {isa = PBXBuildFile; fileRef = 1450A20F1EAA1BCC00867E62 /* ViewController.swift */; };
		1450A2131EAA1BCC00867E62 /* Main.storyboard in Resources */ = {isa = PBXBuildFile; fileRef = 1450A2111EAA1BCC00867E62 /* Main.storyboard */; };
		1450A2151EAA1BCC00867E62 /* Assets.xcassets in Resources */ = {isa = PBXBuildFile; fileRef = 1450A2141EAA1BCC00867E62 /* Assets.xcassets */; };
		1450A2181EAA1BCC00867E62 /* LaunchScreen.storyboard in Resources */ = {isa = PBXBuildFile; fileRef = 1450A2161EAA1BCC00867E62 /* LaunchScreen.storyboard */; };
/* End PBXBuildFile section */

/* Begin PBXFileReference section */
		144ECFBB1EAB2D98003E36E3 /* MastodonKit */ = {isa = PBXFileReference; lastKnownFileType = folder; name = MastodonKit; path = vendor/MastodonKit/Sources/MastodonKit; sourceTree = "<group>"; };
		144ECFBD1EAC0584003E36E3 /* AddAccountViewController.swift */ = {isa = PBXFileReference; fileEncoding = 4; lastKnownFileType = sourcecode.swift; path = AddAccountViewController.swift; sourceTree = "<group>"; };
		1450A20A1EAA1BCC00867E62 /* swiftodon.app */ = {isa = PBXFileReference; explicitFileType = wrapper.application; includeInIndex = 0; path = swiftodon.app; sourceTree = BUILT_PRODUCTS_DIR; };
		1450A20D1EAA1BCC00867E62 /* AppDelegate.swift */ = {isa = PBXFileReference; lastKnownFileType = sourcecode.swift; path = AppDelegate.swift; sourceTree = "<group>"; };
		1450A20F1EAA1BCC00867E62 /* ViewController.swift */ = {isa = PBXFileReference; lastKnownFileType = sourcecode.swift; path = ViewController.swift; sourceTree = "<group>"; };
		1450A2121EAA1BCC00867E62 /* Base */ = {isa = PBXFileReference; lastKnownFileType = file.storyboard; name = Base; path = Base.lproj/Main.storyboard; sourceTree = "<group>"; };
		1450A2141EAA1BCC00867E62 /* Assets.xcassets */ = {isa = PBXFileReference; lastKnownFileType = folder.assetcatalog; path = Assets.xcassets; sourceTree = "<group>"; };
		1450A2171EAA1BCC00867E62 /* Base */ = {isa = PBXFileReference; lastKnownFileType = file.storyboard; name = Base; path = Base.lproj/LaunchScreen.storyboard; sourceTree = "<group>"; };
		1450A2191EAA1BCC00867E62 /* Info.plist */ = {isa = PBXFileReference; lastKnownFileType = text.plist.xml; path = Info.plist; sourceTree = "<group>"; };
/* End PBXFileReference section */

/* Begin PBXFrameworksBuildPhase section */
		1450A2071EAA1BCC00867E62 /* Frameworks */ = {
			isa = PBXFrameworksBuildPhase;
			buildActionMask = 2147483647;
			files = (
			);
			runOnlyForDeploymentPostprocessing = 0;
		};
/* End PBXFrameworksBuildPhase section */

/* Begin PBXGroup section */
		1450A2011EAA1BCC00867E62 = {
			isa = PBXGroup;
			children = (
				144ECFBB1EAB2D98003E36E3 /* MastodonKit */,
				1450A20C1EAA1BCC00867E62 /* swiftodon */,
				1450A20B1EAA1BCC00867E62 /* Products */,
			);
			sourceTree = "<group>";
		};
		1450A20B1EAA1BCC00867E62 /* Products */ = {
			isa = PBXGroup;
			children = (
				1450A20A1EAA1BCC00867E62 /* swiftodon.app */,
			);
			name = Products;
			sourceTree = "<group>";
		};
		1450A20C1EAA1BCC00867E62 /* swiftodon */ = {
			isa = PBXGroup;
			children = (
				1450A20D1EAA1BCC00867E62 /* AppDelegate.swift */,
				1450A20F1EAA1BCC00867E62 /* ViewController.swift */,
				1450A2111EAA1BCC00867E62 /* Main.storyboard */,
				1450A2141EAA1BCC00867E62 /* Assets.xcassets */,
				1450A2161EAA1BCC00867E62 /* LaunchScreen.storyboard */,
				1450A2191EAA1BCC00867E62 /* Info.plist */,
				144ECFBD1EAC0584003E36E3 /* AddAccountViewController.swift */,
			);
			path = swiftodon;
			sourceTree = "<group>";
		};
/* End PBXGroup section */

/* Begin PBXNativeTarget section */
		1450A2091EAA1BCC00867E62 /* swiftodon */ = {
			isa = PBXNativeTarget;
			buildConfigurationList = 1450A21C1EAA1BCC00867E62 /* Build configuration list for PBXNativeTarget "swiftodon" */;
			buildPhases = (
				1450A2061EAA1BCC00867E62 /* Sources */,
				1450A2071EAA1BCC00867E62 /* Frameworks */,
				1450A2081EAA1BCC00867E62 /* Resources */,
			);
			buildRules = (
			);
			dependencies = (
			);
			name = swiftodon;
			productName = swiftodon;
			productReference = 1450A20A1EAA1BCC00867E62 /* swiftodon.app */;
			productType = "com.apple.product-type.application";
		};
/* End PBXNativeTarget section */

/* Begin PBXProject section */
		1450A2021EAA1BCC00867E62 /* Project object */ = {
			isa = PBXProject;
			attributes = {
				LastSwiftUpdateCheck = 0830;
				LastUpgradeCheck = 0830;
				ORGANIZATIONNAME = sonson;
				TargetAttributes = {
					1450A2091EAA1BCC00867E62 = {
						CreatedOnToolsVersion = 8.3.2;
						DevelopmentTeam = JP866VWWSD;
						ProvisioningStyle = Automatic;
					};
				};
			};
			buildConfigurationList = 1450A2051EAA1BCC00867E62 /* Build configuration list for PBXProject "swiftodon" */;
			compatibilityVersion = "Xcode 3.2";
			developmentRegion = English;
			hasScannedForEncodings = 0;
			knownRegions = (
				en,
				Base,
			);
			mainGroup = 1450A2011EAA1BCC00867E62;
			productRefGroup = 1450A20B1EAA1BCC00867E62 /* Products */;
			projectDirPath = "";
			projectRoot = "";
			targets = (
				1450A2091EAA1BCC00867E62 /* swiftodon */,
			);
		};
/* End PBXProject section */

/* Begin PBXResourcesBuildPhase section */
		1450A2081EAA1BCC00867E62 /* Resources */ = {
			isa = PBXResourcesBuildPhase;
			buildActionMask = 2147483647;
			files = (
				144ECFBC1EAB2D98003E36E3 /* MastodonKit in Resources */,
				1450A2181EAA1BCC00867E62 /* LaunchScreen.storyboard in Resources */,
				1450A2151EAA1BCC00867E62 /* Assets.xcassets in Resources */,
				1450A2131EAA1BCC00867E62 /* Main.storyboard in Resources */,
			);
			runOnlyForDeploymentPostprocessing = 0;
		};
/* End PBXResourcesBuildPhase section */

/* Begin PBXSourcesBuildPhase section */
		1450A2061EAA1BCC00867E62 /* Sources */ = {
			isa = PBXSourcesBuildPhase;
			buildActionMask = 2147483647;
			files = (
				1450A2101EAA1BCC00867E62 /* ViewController.swift in Sources */,
				144ECFBE1EAC0584003E36E3 /* AddAccountViewController.swift in Sources */,
				1450A20E1EAA1BCC00867E62 /* AppDelegate.swift in Sources */,
			);
			runOnlyForDeploymentPostprocessing = 0;
		};
/* End PBXSourcesBuildPhase section */

/* Begin PBXVariantGroup section */
		1450A2111EAA1BCC00867E62 /* Main.storyboard */ = {
			isa = PBXVariantGroup;
			children = (
				1450A2121EAA1BCC00867E62 /* Base */,
			);
			name = Main.storyboard;
			sourceTree = "<group>";
		};
		1450A2161EAA1BCC00867E62 /* LaunchScreen.storyboard */ = {
			isa = PBXVariantGroup;
			children = (
				1450A2171EAA1BCC00867E62 /* Base */,
			);
			name = LaunchScreen.storyboard;
			sourceTree = "<group>";
		};
/* End PBXVariantGroup section */

/* Begin XCBuildConfiguration section */
		1450A21A1EAA1BCC00867E62 /* Debug */ = {
			isa = XCBuildConfiguration;
			buildSettings = {
				ALWAYS_SEARCH_USER_PATHS = NO;
				CLANG_ANALYZER_NONNULL = YES;
				CLANG_ANALYZER_NUMBER_OBJECT_CONVERSION = YES_AGGRESSIVE;
				CLANG_CXX_LANGUAGE_STANDARD = "gnu++0x";
				CLANG_CXX_LIBRARY = "libc++";
				CLANG_ENABLE_MODULES = YES;
				CLANG_ENABLE_OBJC_ARC = YES;
				CLANG_WARN_BOOL_CONVERSION = YES;
				CLANG_WARN_CONSTANT_CONVERSION = YES;
				CLANG_WARN_DIRECT_OBJC_ISA_USAGE = YES_ERROR;
				CLANG_WARN_DOCUMENTATION_COMMENTS = YES;
				CLANG_WARN_EMPTY_BODY = YES;
				CLANG_WARN_ENUM_CONVERSION = YES;
				CLANG_WARN_INFINITE_RECURSION = YES;
				CLANG_WARN_INT_CONVERSION = YES;
				CLANG_WARN_OBJC_ROOT_CLASS = YES_ERROR;
				CLANG_WARN_SUSPICIOUS_MOVE = YES;
				CLANG_WARN_UNREACHABLE_CODE = YES;
				CLANG_WARN__DUPLICATE_METHOD_MATCH = YES;
				"CODE_SIGN_IDENTITY[sdk=iphoneos*]" = "iPhone Developer";
				COPY_PHASE_STRIP = NO;
				DEBUG_INFORMATION_FORMAT = dwarf;
				ENABLE_STRICT_OBJC_MSGSEND = YES;
				ENABLE_TESTABILITY = YES;
				GCC_C_LANGUAGE_STANDARD = gnu99;
				GCC_DYNAMIC_NO_PIC = NO;
				GCC_NO_COMMON_BLOCKS = YES;
				GCC_OPTIMIZATION_LEVEL = 0;
				GCC_PREPROCESSOR_DEFINITIONS = (
					"DEBUG=1",
					"$(inherited)",
				);
				GCC_WARN_64_TO_32_BIT_CONVERSION = YES;
				GCC_WARN_ABOUT_RETURN_TYPE = YES_ERROR;
				GCC_WARN_UNDECLARED_SELECTOR = YES;
				GCC_WARN_UNINITIALIZED_AUTOS = YES_AGGRESSIVE;
				GCC_WARN_UNUSED_FUNCTION = YES;
				GCC_WARN_UNUSED_VARIABLE = YES;
				IPHONEOS_DEPLOYMENT_TARGET = 10.3;
				MTL_ENABLE_DEBUG_INFO = YES;
				ONLY_ACTIVE_ARCH = YES;
				SDKROOT = iphoneos;
				SWIFT_ACTIVE_COMPILATION_CONDITIONS = DEBUG;
				SWIFT_OPTIMIZATION_LEVEL = "-Onone";
				TARGETED_DEVICE_FAMILY = "1,2";
			};
			name = Debug;
		};
		1450A21B1EAA1BCC00867E62 /* Release */ = {
			isa = XCBuildConfiguration;
			buildSettings = {
				ALWAYS_SEARCH_USER_PATHS = NO;
				CLANG_ANALYZER_NONNULL = YES;
				CLANG_ANALYZER_NUMBER_OBJECT_CONVERSION = YES_AGGRESSIVE;
				CLANG_CXX_LANGUAGE_STANDARD = "gnu++0x";
				CLANG_CXX_LIBRARY = "libc++";
				CLANG_ENABLE_MODULES = YES;
				CLANG_ENABLE_OBJC_ARC = YES;
				CLANG_WARN_BOOL_CONVERSION = YES;
				CLANG_WARN_CONSTANT_CONVERSION = YES;
				CLANG_WARN_DIRECT_OBJC_ISA_USAGE = YES_ERROR;
				CLANG_WARN_DOCUMENTATION_COMMENTS = YES;
				CLANG_WARN_EMPTY_BODY = YES;
				CLANG_WARN_ENUM_CONVERSION = YES;
				CLANG_WARN_INFINITE_RECURSION = YES;
				CLANG_WARN_INT_CONVERSION = YES;
				CLANG_WARN_OBJC_ROOT_CLASS = YES_ERROR;
				CLANG_WARN_SUSPICIOUS_MOVE = YES;
				CLANG_WARN_UNREACHABLE_CODE = YES;
				CLANG_WARN__DUPLICATE_METHOD_MATCH = YES;
				"CODE_SIGN_IDENTITY[sdk=iphoneos*]" = "iPhone Developer";
				COPY_PHASE_STRIP = NO;
				DEBUG_INFORMATION_FORMAT = "dwarf-with-dsym";
				ENABLE_NS_ASSERTIONS = NO;
				ENABLE_STRICT_OBJC_MSGSEND = YES;
				GCC_C_LANGUAGE_STANDARD = gnu99;
				GCC_NO_COMMON_BLOCKS = YES;
				GCC_WARN_64_TO_32_BIT_CONVERSION = YES;
				GCC_WARN_ABOUT_RETURN_TYPE = YES_ERROR;
				GCC_WARN_UNDECLARED_SELECTOR = YES;
				GCC_WARN_UNINITIALIZED_AUTOS = YES_AGGRESSIVE;
				GCC_WARN_UNUSED_FUNCTION = YES;
				GCC_WARN_UNUSED_VARIABLE = YES;
				IPHONEOS_DEPLOYMENT_TARGET = 10.3;
				MTL_ENABLE_DEBUG_INFO = NO;
				SDKROOT = iphoneos;
				SWIFT_OPTIMIZATION_LEVEL = "-Owholemodule";
				TARGETED_DEVICE_FAMILY = "1,2";
				VALIDATE_PRODUCT = YES;
			};
			name = Release;
		};
		1450A21D1EAA1BCC00867E62 /* Debug */ = {
			isa = XCBuildConfiguration;
			buildSettings = {
				ASSETCATALOG_COMPILER_APPICON_NAME = AppIcon;
				DEVELOPMENT_TEAM = JP866VWWSD;
				INFOPLIST_FILE = swiftodon/Info.plist;
				LD_RUNPATH_SEARCH_PATHS = "$(inherited) @executable_path/Frameworks";
				PRODUCT_BUNDLE_IDENTIFIER = com.sonson.swiftodon;
				PRODUCT_NAME = "$(TARGET_NAME)";
				SWIFT_VERSION = 3.0;
			};
			name = Debug;
		};
		1450A21E1EAA1BCC00867E62 /* Release */ = {
			isa = XCBuildConfiguration;
			buildSettings = {
				ASSETCATALOG_COMPILER_APPICON_NAME = AppIcon;
				DEVELOPMENT_TEAM = JP866VWWSD;
				INFOPLIST_FILE = swiftodon/Info.plist;
				LD_RUNPATH_SEARCH_PATHS = "$(inherited) @executable_path/Frameworks";
				PRODUCT_BUNDLE_IDENTIFIER = com.sonson.swiftodon;
				PRODUCT_NAME = "$(TARGET_NAME)";
				SWIFT_VERSION = 3.0;
			};
			name = Release;
		};
/* End XCBuildConfiguration section */

/* Begin XCConfigurationList section */
		1450A2051EAA1BCC00867E62 /* Build configuration list for PBXProject "swiftodon" */ = {
			isa = XCConfigurationList;
			buildConfigurations = (
				1450A21A1EAA1BCC00867E62 /* Debug */,
				1450A21B1EAA1BCC00867E62 /* Release */,
			);
			defaultConfigurationIsVisible = 0;
			defaultConfigurationName = Release;
		};
		1450A21C1EAA1BCC00867E62 /* Build configuration list for PBXNativeTarget "swiftodon" */ = {
			isa = XCConfigurationList;
			buildConfigurations = (
				1450A21D1EAA1BCC00867E62 /* Debug */,
				1450A21E1EAA1BCC00867E62 /* Release */,
			);
			defaultConfigurationIsVisible = 0;
			defaultConfigurationName = Release;
		};
/* End XCConfigurationList section */
	};
	rootObject = 1450A2021EAA1BCC00867E62 /* Project object */;
}
